
Microsoft Visual Studio Solution File, Format Version 11.00
# Visual Studio 2010
Project("{FAE04EC0-301F-11D3-BF4B-00C04F79EFBC}") = "Assembly-CSharp", "Assembly-CSharp.csproj", "{97E5E7C7-7127-1F59-6943-397C6E9C9106}"
EndProject
Project("{FAE04EC0-301F-11D3-BF4B-00C04F79EFBC}") = "Assembly-CSharp-Editor", "Assembly-CSharp-Editor.csproj", "{31CFCDF1-4888-3078-5177-B44A1A2728BA}"
EndProject
Global
	GlobalSection(SolutionConfigurationPlatforms) = preSolution
		Debug|Any CPU = Debug|Any CPU
		Release|Any CPU = Release|Any CPU
	EndGlobalSection
	GlobalSection(ProjectConfigurationPlatforms) = postSolution
		{97E5E7C7-7127-1F59-6943-397C6E9C9106}.Debug|Any CPU.ActiveCfg = Debug|Any CPU
		{97E5E7C7-7127-1F59-6943-397C6E9C9106}.Debug|Any CPU.Build.0 = Debug|Any CPU
		{97E5E7C7-7127-1F59-6943-397C6E9C9106}.Release|Any CPU.ActiveCfg = Release|Any CPU
		{97E5E7C7-7127-1F59-6943-397C6E9C9106}.Release|Any CPU.Build.0 = Release|Any CPU
		{31CFCDF1-4888-3078-5177-B44A1A2728BA}.Debug|Any CPU.ActiveCfg = Debug|Any CPU
		{31CFCDF1-4888-3078-5177-B44A1A2728BA}.Debug|Any CPU.Build.0 = Debug|Any CPU
		{31CFCDF1-4888-3078-5177-B44A1A2728BA}.Release|Any CPU.ActiveCfg = Release|Any CPU
		{31CFCDF1-4888-3078-5177-B44A1A2728BA}.Release|Any CPU.Build.0 = Release|Any CPU
	EndGlobalSection
	GlobalSection(SolutionProperties) = preSolution
		HideSolutionNode = FALSE
	EndGlobalSection
EndGlobal
